// !$*UTF8*$!
{
	archiveVersion = 1;
	classes = {
	};
	objectVersion = 46;
	objects = {

/* Begin PBXBuildFile section */
		A6C8F47A1E3DCC7300302C69 /* Telling_Number.cpp in Sources */ = {isa = PBXBuildFile; fileRef = A6C8F4791E3DCC7300302C69 /* Telling_Number.cpp */; };
/* End PBXBuildFile section */

/* Begin PBXCopyFilesBuildPhase section */
		A61DCDD31E125C3F005879B2 /* CopyFiles */ = {
			isa = PBXCopyFilesBuildPhase;
			buildActionMask = 2147483647;
			dstPath = /usr/share/man/man1/;
			dstSubfolderSpec = 0;
			files = (
			);
			runOnlyForDeploymentPostprocessing = 1;
		};
/* End PBXCopyFilesBuildPhase section */

/* Begin PBXFileReference section */
		A61DCDD51E125C3F005879B2 /* ObjectOrientedProject */ = {isa = PBXFileReference; explicitFileType = "compiled.mach-o.executable"; includeInIndex = 0; path = ObjectOrientedProject; sourceTree = BUILT_PRODUCTS_DIR; };
		A6C8F4791E3DCC7300302C69 /* Telling_Number.cpp */ = {isa = PBXFileReference; fileEncoding = 4; lastKnownFileType = sourcecode.cpp.cpp; name = Telling_Number.cpp; path = "../../../../VeriYapıları/Telling_Number.cpp"; sourceTree = "<group>"; };
		A6C9E1711E1F0CFD00D02692 /* ObjectOrientedProject.profdata */ = {isa = PBXFileReference; lastKnownFileType = file; path = ObjectOrientedProject.profdata; sourceTree = "<group>"; };
/* End PBXFileReference section */

/* Begin PBXFrameworksBuildPhase section */
		A61DCDD21E125C3F005879B2 /* Frameworks */ = {
			isa = PBXFrameworksBuildPhase;
			buildActionMask = 2147483647;
			files = (
			);
			runOnlyForDeploymentPostprocessing = 0;
		};
/* End PBXFrameworksBuildPhase section */

/* Begin PBXGroup section */
		A61DCDCC1E125C3F005879B2 = {
			isa = PBXGroup;
			children = (
				A61DCDD71E125C3F005879B2 /* ObjectOrientedProject */,
				A61DCDD61E125C3F005879B2 /* Products */,
				A6C9E1701E1F0CFD00D02692 /* OptimizationProfiles */,
			);
			sourceTree = "<group>";
		};
		A61DCDD61E125C3F005879B2 /* Products */ = {
			isa = PBXGroup;
			children = (
				A61DCDD51E125C3F005879B2 /* ObjectOrientedProject */,
			);
			name = Products;
			sourceTree = "<group>";
		};
		A61DCDD71E125C3F005879B2 /* ObjectOrientedProject */ = {
			isa = PBXGroup;
			children = (
				A6C8F4791E3DCC7300302C69 /* Telling_Number.cpp */,
			);
			path = ObjectOrientedProject;
			sourceTree = "<group>";
		};
		A6C9E1701E1F0CFD00D02692 /* OptimizationProfiles */ = {
			isa = PBXGroup;
			children = (
				A6C9E1711E1F0CFD00D02692 /* ObjectOrientedProject.profdata */,
			);
			path = OptimizationProfiles;
			sourceTree = "<group>";
		};
/* End PBXGroup section */

/* Begin PBXNativeTarget section */
		A61DCDD41E125C3F005879B2 /* ObjectOrientedProject */ = {
			isa = PBXNativeTarget;
			buildConfigurationList = A61DCDDC1E125C3F005879B2 /* Build configuration list for PBXNativeTarget "ObjectOrientedProject" */;
			buildPhases = (
				A61DCDD11E125C3F005879B2 /* Sources */,
				A61DCDD21E125C3F005879B2 /* Frameworks */,
				A61DCDD31E125C3F005879B2 /* CopyFiles */,
			);
			buildRules = (
			);
			dependencies = (
			);
			name = ObjectOrientedProject;
			productName = ObjectOrientedProject;
			productReference = A61DCDD51E125C3F005879B2 /* ObjectOrientedProject */;
			productType = "com.apple.product-type.tool";
		};
/* End PBXNativeTarget section */

/* Begin PBXProject section */
		A61DCDCD1E125C3F005879B2 /* Project object */ = {
			isa = PBXProject;
			attributes = {
				LastUpgradeCheck = 0820;
				ORGANIZATIONNAME = Safak;
				TargetAttributes = {
					A61DCDD41E125C3F005879B2 = {
						CreatedOnToolsVersion = 8.2.1;
						LastSwiftMigration = 0820;
						ProvisioningStyle = Automatic;
					};
				};
			};
			buildConfigurationList = A61DCDD01E125C3F005879B2 /* Build configuration list for PBXProject "ObjectOrientedProject" */;
			compatibilityVersion = "Xcode 3.2";
			developmentRegion = English;
			hasScannedForEncodings = 0;
			knownRegions = (
				en,
			);
			mainGroup = A61DCDCC1E125C3F005879B2;
			productRefGroup = A61DCDD61E125C3F005879B2 /* Products */;
			projectDirPath = "";
			projectRoot = "";
			targets = (
				A61DCDD41E125C3F005879B2 /* ObjectOrientedProject */,
			);
		};
/* End PBXProject section */

/* Begin PBXSourcesBuildPhase section */
		A61DCDD11E125C3F005879B2 /* Sources */ = {
			isa = PBXSourcesBuildPhase;
			buildActionMask = 2147483647;
			files = (
				A6C8F47A1E3DCC7300302C69 /* Telling_Number.cpp in Sources */,
			);
			runOnlyForDeploymentPostprocessing = 0;
		};
/* End PBXSourcesBuildPhase section */

/* Begin XCBuildConfiguration section */
		A61DCDDA1E125C3F005879B2 /* Debug */ = {
			isa = XCBuildConfiguration;
			buildSettings = {
				ALWAYS_SEARCH_USER_PATHS = NO;
				CLANG_ANALYZER_NONNULL = YES;
				CLANG_CXX_LANGUAGE_STANDARD = "gnu++0x";
				CLANG_CXX_LIBRARY = "libc++";
				CLANG_ENABLE_MODULES = YES;
				CLANG_ENABLE_OBJC_ARC = YES;
				CLANG_WARN_BOOL_CONVERSION = YES;
				CLANG_WARN_CONSTANT_CONVERSION = YES;
				CLANG_WARN_DIRECT_OBJC_ISA_USAGE = YES_ERROR;
				CLANG_WARN_DOCUMENTATION_COMMENTS = YES;
				CLANG_WARN_EMPTY_BODY = YES;
				CLANG_WARN_ENUM_CONVERSION = YES;
				CLANG_WARN_INFINITE_RECURSION = YES;
				CLANG_WARN_INT_CONVERSION = YES;
				CLANG_WARN_OBJC_ROOT_CLASS = YES_ERROR;
				CLANG_WARN_SUSPICIOUS_MOVE = YES;
				CLANG_WARN_UNREACHABLE_CODE = YES;
				CLANG_WARN__DUPLICATE_METHOD_MATCH = YES;
				CODE_SIGN_IDENTITY = "-";
				COPY_PHASE_STRIP = NO;
				DEBUG_INFORMATION_FORMAT = dwarf;
				ENABLE_STRICT_OBJC_MSGSEND = YES;
				ENABLE_TESTABILITY = YES;
				GCC_C_LANGUAGE_STANDARD = gnu99;
				GCC_DYNAMIC_NO_PIC = NO;
				GCC_NO_COMMON_BLOCKS = YES;
				GCC_OPTIMIZATION_LEVEL = 0;
				GCC_PREPROCESSOR_DEFINITIONS = (
					"DEBUG=1",
					"$(inherited)",
				);
				GCC_WARN_64_TO_32_BIT_CONVERSION = YES;
				GCC_WARN_ABOUT_RETURN_TYPE = YES_ERROR;
				GCC_WARN_UNDECLARED_SELECTOR = YES;
				GCC_WARN_UNINITIALIZED_AUTOS = YES_AGGRESSIVE;
				GCC_WARN_UNUSED_FUNCTION = YES;
				GCC_WARN_UNUSED_VARIABLE = YES;
				MACOSX_DEPLOYMENT_TARGET = 10.12;
				MTL_ENABLE_DEBUG_INFO = YES;
				ONLY_ACTIVE_ARCH = YES;
				SDKROOT = macosx;
			};
			name = Debug;
		};
		A61DCDDB1E125C3F005879B2 /* Release */ = {
			isa = XCBuildConfiguration;
			buildSettings = {
				ALWAYS_SEARCH_USER_PATHS = NO;
				CLANG_ANALYZER_NONNULL = YES;
				CLANG_CXX_LANGUAGE_STANDARD = "gnu++0x";
				CLANG_CXX_LIBRARY = "libc++";
				CLANG_ENABLE_MODULES = YES;
				CLANG_ENABLE_OBJC_ARC = YES;
				CLANG_WARN_BOOL_CONVERSION = YES;
				CLANG_WARN_CONSTANT_CONVERSION = YES;
				CLANG_WARN_DIRECT_OBJC_ISA_USAGE = YES_ERROR;
				CLANG_WARN_DOCUMENTATION_COMMENTS = YES;
				CLANG_WARN_EMPTY_BODY = YES;
				CLANG_WARN_ENUM_CONVERSION = YES;
				CLANG_WARN_INFINITE_RECURSION = YES;
				CLANG_WARN_INT_CONVERSION = YES;
				CLANG_WARN_OBJC_ROOT_CLASS = YES_ERROR;
				CLANG_WARN_SUSPICIOUS_MOVE = YES;
				CLANG_WARN_UNREACHABLE_CODE = YES;
				CLANG_WARN__DUPLICATE_METHOD_MATCH = YES;
				CODE_SIGN_IDENTITY = "-";
				COPY_PHASE_STRIP = NO;
				DEBUG_INFORMATION_FORMAT = "dwarf-with-dsym";
				ENABLE_NS_ASSERTIONS = NO;
				ENABLE_STRICT_OBJC_MSGSEND = YES;
				GCC_C_LANGUAGE_STANDARD = gnu99;
				GCC_NO_COMMON_BLOCKS = YES;
				GCC_WARN_64_TO_32_BIT_CONVERSION = YES;
				GCC_WARN_ABOUT_RETURN_TYPE = YES_ERROR;
				GCC_WARN_UNDECLARED_SELECTOR = YES;
				GCC_WARN_UNINITIALIZED_AUTOS = YES_AGGRESSIVE;
				GCC_WARN_UNUSED_FUNCTION = YES;
				GCC_WARN_UNUSED_VARIABLE = YES;
				MACOSX_DEPLOYMENT_TARGET = 10.12;
				MTL_ENABLE_DEBUG_INFO = NO;
				SDKROOT = macosx;
			};
			name = Release;
		};
		A61DCDDD1E125C3F005879B2 /* Debug */ = {
			isa = XCBuildConfiguration;
			buildSettings = {
				CLANG_USE_OPTIMIZATION_PROFILE = YES;
				PRODUCT_NAME = "$(TARGET_NAME)";
				SWIFT_VERSION = 3.0;
			};
			name = Debug;
		};
		A61DCDDE1E125C3F005879B2 /* Release */ = {
			isa = XCBuildConfiguration;
			buildSettings = {
				CLANG_USE_OPTIMIZATION_PROFILE = YES;
				PRODUCT_NAME = "$(TARGET_NAME)";
				SWIFT_VERSION = 3.0;
			};
			name = Release;
		};
/* End XCBuildConfiguration section */

/* Begin XCConfigurationList section */
		A61DCDD01E125C3F005879B2 /* Build configuration list for PBXProject "ObjectOrientedProject" */ = {
			isa = XCConfigurationList;
			buildConfigurations = (
				A61DCDDA1E125C3F005879B2 /* Debug */,
				A61DCDDB1E125C3F005879B2 /* Release */,
			);
			defaultConfigurationIsVisible = 0;
			defaultConfigurationName = Release;
		};
		A61DCDDC1E125C3F005879B2 /* Build configuration list for PBXNativeTarget "ObjectOrientedProject" */ = {
			isa = XCConfigurationList;
			buildConfigurations = (
				A61DCDDD1E125C3F005879B2 /* Debug */,
				A61DCDDE1E125C3F005879B2 /* Release */,
			);
			defaultConfigurationIsVisible = 0;
			defaultConfigurationName = Release;
		};
/* End XCConfigurationList section */
	};
	rootObject = A61DCDCD1E125C3F005879B2 /* Project object */;
}
